{
  "version": 1,
  "hashes": [
    "402b42f3cb1fb2392533c78a093e7f815433facb3661fd5d0daefc200743deb8",
    "0b3297bc829470e3de2dd1d8b533402c2e5bb1c8342264a192bcb8a825e9896a",
    "d6ba034d212cdf067423e16dc4958c48ca0e783c50ff89f4e8898426033c2e55",
    "c88d73d10706b74b70612f535f9013cc8d915b6eb0d2985896b2b3ecbdbc504b",
    "d08a50010ecea9846e1d20fae73dcb132047466be847c89e96a34d68cd1b002f"
  ]
}
